{
  "version": "5",
  "specifiers": {
    "npm:@types/node@*": "22.15.15"
  },
  "npm": {
    "@types/node@22.15.15": {
      "integrity": "sha512-R5muMcZob3/Jjchn5LcO8jdKwSCbzqmPB6ruBxMcf9kbxtniZHP327s6C37iOfuw8mbKK3cAQa7sEl7afLrQ8A==",
      "dependencies": [
        "undici-types"
      ]
    },
    "undici-types@6.21.0": {
      "integrity": "sha512-iwDZqg0QAGrg9Rav5H4n0M64c3mkR59cJ6wQp+7C4nI0gsmExaedaYLNO44eT4AtBBwjbTiGPMlt2Md0T9H9JQ=="
    }
  },
  "redirects": {
    "https://esm.sh/@selderee/plugin-htmlparser2@^0.11.0?target=denonext": "https://esm.sh/@selderee/plugin-htmlparser2@0.11.0?target=denonext",
    "https://esm.sh/@supabase/node-fetch@^2.6.13?target=denonext": "https://esm.sh/@supabase/node-fetch@2.6.15?target=denonext",
    "https://esm.sh/@supabase/node-fetch@^2.6.14?target=denonext": "https://esm.sh/@supabase/node-fetch@2.6.15?target=denonext",
    "https://esm.sh/@supabase/supabase-js@2": "https://esm.sh/@supabase/supabase-js@2.50.4",
    "https://esm.sh/@types/html-to-text@~9.0.4/index.d.ts": "https://esm.sh/@types/html-to-text@9.0.4/index.d.ts",
    "https://esm.sh/@types/react-dom@~19.1.6/server.d.ts": "https://esm.sh/@types/react-dom@19.1.6/server.d.ts",
    "https://esm.sh/@types/react@~19.1.8/index.d.ts": "https://esm.sh/@types/react@19.1.8/index.d.ts",
    "https://esm.sh/@types/react@~19.1.8/jsx-runtime.d.ts": "https://esm.sh/@types/react@19.1.8/jsx-runtime.d.ts",
    "https://esm.sh/deepmerge@^4.3.1?target=denonext": "https://esm.sh/deepmerge@4.3.1?target=denonext",
    "https://esm.sh/dom-serializer@^2.0.0?target=denonext": "https://esm.sh/dom-serializer@2.0.0?target=denonext",
    "https://esm.sh/domelementtype@^2.3.0?target=denonext": "https://esm.sh/domelementtype@2.3.0?target=denonext",
    "https://esm.sh/domhandler@^5.0.3?target=denonext": "https://esm.sh/domhandler@5.0.3?target=denonext",
    "https://esm.sh/domutils@^3.0.1?target=denonext": "https://esm.sh/domutils@3.2.2?target=denonext",
    "https://esm.sh/entities@^4.2.0?target=denonext": "https://esm.sh/entities@4.5.0?target=denonext",
    "https://esm.sh/entities@^4.4.0/lib/decode?target=denonext": "https://esm.sh/entities@4.5.0/lib/decode?target=denonext",
    "https://esm.sh/html-to-text@^9.0.5?target=denonext": "https://esm.sh/html-to-text@9.0.5?target=denonext",
    "https://esm.sh/htmlparser2@^8.0.2?target=denonext": "https://esm.sh/htmlparser2@8.0.2?target=denonext",
    "https://esm.sh/isows@^1.0.7?target=denonext": "https://esm.sh/isows@1.0.7?target=denonext",
    "https://esm.sh/leac@^0.6.0?target=denonext": "https://esm.sh/leac@0.6.0?target=denonext",
    "https://esm.sh/parseley@^0.12.0?target=denonext": "https://esm.sh/parseley@0.12.1?target=denonext",
    "https://esm.sh/peberminta@^0.9.0?target=denonext": "https://esm.sh/peberminta@0.9.0?target=denonext",
    "https://esm.sh/prettier@^3.5.3/plugins/html?target=denonext": "https://esm.sh/prettier@3.6.2/plugins/html?target=denonext",
    "https://esm.sh/prettier@^3.5.3/standalone?target=denonext": "https://esm.sh/prettier@3.6.2/standalone?target=denonext",
    "https://esm.sh/react-dom@^19.2.0-canary-f7396427-20250501/server?target=denonext": "https://esm.sh/react-dom@19.2.0-canary-fa3feba6-20250623/server?target=denonext",
    "https://esm.sh/react@^19.2.0-canary-f7396427-20250501/jsx-runtime?target=denonext": "https://esm.sh/react@19.2.0-canary-fa3feba6-20250623/jsx-runtime?target=denonext",
    "https://esm.sh/react@^19.2.0-canary-f7396427-20250501?target=denonext": "https://esm.sh/react@19.2.0-canary-fa3feba6-20250623?target=denonext",
    "https://esm.sh/resend": "https://esm.sh/resend@4.6.0",
    "https://esm.sh/selderee@^0.11.0?target=denonext": "https://esm.sh/selderee@0.11.0?target=denonext",
    "https://esm.sh/tr46@~0.0.3?target=denonext": "https://esm.sh/tr46@0.0.3?target=denonext",
    "https://esm.sh/webidl-conversions@^3.0.0?target=denonext": "https://esm.sh/webidl-conversions@3.0.1?target=denonext",
    "https://esm.sh/whatwg-url@^5.0.0?target=denonext": "https://esm.sh/whatwg-url@5.0.0?target=denonext"
  },
  "remote": {
    "https://deno.land/std@0.177.0/async/abortable.ts": "73acfb3ed7261ce0d930dbe89e43db8d34e017b063cf0eaa7d215477bf53442e",
    "https://deno.land/std@0.177.0/async/deadline.ts": "c5facb0b404eede83e38bd2717ea8ab34faa2ffb20ef87fd261fcba32ba307aa",
    "https://deno.land/std@0.177.0/async/debounce.ts": "adab11d04ca38d699444ac8a9d9856b4155e8dda2afd07ce78276c01ea5a4332",
    "https://deno.land/std@0.177.0/async/deferred.ts": "42790112f36a75a57db4a96d33974a936deb7b04d25c6084a9fa8a49f135def8",
    "https://deno.land/std@0.177.0/async/delay.ts": "73aa04cec034c84fc748c7be49bb15cac3dd43a57174bfdb7a4aec22c248f0dd",
    "https://deno.land/std@0.177.0/async/mod.ts": "f04344fa21738e5ad6bea37a6bfffd57c617c2d372bb9f9dcfd118a1b622e576",
    "https://deno.land/std@0.177.0/async/mux_async_iterator.ts": "70c7f2ee4e9466161350473ad61cac0b9f115cff4c552eaa7ef9d50c4cbb4cc9",
    "https://deno.land/std@0.177.0/async/pool.ts": "fd082bd4aaf26445909889435a5c74334c017847842ec035739b4ae637ae8260",
    "https://deno.land/std@0.177.0/async/retry.ts": "5efa3ba450ac0c07a40a82e2df296287b5013755d232049efd7ea2244f15b20f",
    "https://deno.land/std@0.177.0/async/tee.ts": "47e42d35f622650b02234d43803d0383a89eb4387e1b83b5a40106d18ae36757",
    "https://deno.land/std@0.177.0/http/server.ts": "cbb17b594651215ba95c01a395700684e569c165a567e4e04bba327f41197433",
    "https://esm.sh/@react-email/render@1.1.2/denonext/render.mjs": "d5dc0490b8a1e5f17373bfc553521d217ba749778cefc813ea05a0b2673ef3c6",
    "https://esm.sh/@selderee/plugin-htmlparser2@0.11.0/denonext/plugin-htmlparser2.mjs": "bf215c5e29a046da720be2ba856316197ccd53291f42030e947f3df49d8a93e4",
    "https://esm.sh/@selderee/plugin-htmlparser2@0.11.0?target=denonext": "1b642b94e690ea7e82b72aab470d89548cc2e32fd6a1603afec94f67c800b7db",
    "https://esm.sh/@supabase/auth-js@2.70.0/denonext/auth-js.mjs": "51f137a91dc64489abf1a500582918ee5042e1e0b64c167f26a3b6d2f807f43c",
    "https://esm.sh/@supabase/functions-js@2.4.5/denonext/functions-js.mjs": "acfcb4db90c292c335a9dbb5664485f5e0b680533d68e6942abb9387ec7e0d0b",
    "https://esm.sh/@supabase/node-fetch@2.6.15/denonext/node-fetch.mjs": "0bae9052231f4f6dbccc7234d05ea96923dbf967be12f402764580b6bf9f713d",
    "https://esm.sh/@supabase/node-fetch@2.6.15?target=denonext": "4d28c4ad97328403184353f68434f2b6973971507919e9150297413664919cf3",
    "https://esm.sh/@supabase/postgrest-js@1.21.0/denonext/postgrest-js.mjs": "9949f7f1188130ebb841fb1da17c25df288aad9a6c25032f041cee4d3b5ffe8c",
    "https://esm.sh/@supabase/realtime-js@2.11.15/denonext/realtime-js.mjs": "3b7511415165a1b503eae1dfbc10814ef3d0c1c866c97fdec4f6714bfa34a847",
    "https://esm.sh/@supabase/storage-js@2.7.1/denonext/storage-js.mjs": "73ac8cdc95cfcd794fe603dbd7ce06d539ab51538ae6467eabe0f9cc26c993aa",
    "https://esm.sh/@supabase/supabase-js@2.50.4": "56264e3c357d0703cc4e0715f897df39bf927682bd5b83bc7b88786a926c810a",
    "https://esm.sh/@supabase/supabase-js@2.50.4/denonext/supabase-js.mjs": "a8b8b15fecca7fe026c656056b8ec89f3ee6738a58b22525db7bcb0439890e27",
    "https://esm.sh/deepmerge@4.3.1/denonext/deepmerge.mjs": "1f448aaa83a52514faecb2edc02eb766c9eb10b935b9ac4c1c2a877a0bb56b80",
    "https://esm.sh/deepmerge@4.3.1?target=denonext": "a8faef33b536441a2c63f8c967d160848eb1f898a8e83a35a9f0623ecd9063d3",
    "https://esm.sh/dom-serializer@2.0.0/denonext/dom-serializer.mjs": "545028b1d2c25bae5cbfe6930a28a2e4f7f05e1a0d09bbd0f3f5f9a33df8e3bd",
    "https://esm.sh/dom-serializer@2.0.0?target=denonext": "1626b2b8326556ea2816b5f9bf7522bc9581d545fd9ad117c066ab7a5ff1fb89",
    "https://esm.sh/domelementtype@2.3.0/denonext/domelementtype.mjs": "4f3b57348729cd517560139eb1969ca2fe9cc58c5188abe56e7336d5cb557cc0",
    "https://esm.sh/domelementtype@2.3.0?target=denonext": "2beb2a1e3d18892a9b00ef9528811b93f613a77d2b6fb25376ec0f109ac48a4f",
    "https://esm.sh/domhandler@5.0.3/denonext/domhandler.mjs": "3fb258a3d79bc9066a568bb6b09ce946d1fcfa2636a24ae80a4db220956e0873",
    "https://esm.sh/domhandler@5.0.3?target=denonext": "298fde249b7bff9e80667cfe643e7d4b390871b77b0928d086ce4c0b8fc570e2",
    "https://esm.sh/domutils@3.2.2/denonext/domutils.mjs": "f0b4e80e73810ed6f3d8c4e1822feef89208f32c88b6024a84328d02f5f77c40",
    "https://esm.sh/domutils@3.2.2?target=denonext": "7e487176c61dfd1dfdbcfd1195e7329a64f53421511561b69c570a6cff0a6167",
    "https://esm.sh/entities@4.5.0/denonext/entities.mjs": "4a9306e4021ae1079e83b5db26e1678c536fa69c8f2839802bc3cc43282cef08",
    "https://esm.sh/entities@4.5.0/denonext/lib/decode.mjs": "ef22e25f6bca668e40c4f7d4ecaebe2172a833a18372d55b54f997d0d8702dcd",
    "https://esm.sh/entities@4.5.0/denonext/lib/escape.mjs": "116aef78e5ff05efa6f79851b8b59da025ab88f5c25d2262f73df98f4d57c3fa",
    "https://esm.sh/entities@4.5.0/lib/decode?target=denonext": "488bc8401a0c85a76527d61a41352c5371904aeda57a136eb10ccfadcd2f7c8c",
    "https://esm.sh/entities@4.5.0?target=denonext": "f6bc559c07f40e94b3ef50f0b24e2666a2258db3b6697bf4da8fd2fc014ef7a1",
    "https://esm.sh/html-to-text@9.0.5/denonext/html-to-text.mjs": "6d781c4b144d75deab4b13f72d449cf9a562e924568a57217b28bb459506d775",
    "https://esm.sh/html-to-text@9.0.5?target=denonext": "c4f797865163d85d037f8bb64c8daca2b5f79e4065b889b2c60521568f3b5f8b",
    "https://esm.sh/htmlparser2@8.0.2/denonext/htmlparser2.mjs": "c0be0f190e625b82e88378875016f820a38d586e9c885d37e3dd2073a4f0fdfb",
    "https://esm.sh/htmlparser2@8.0.2/denonext/lib/esm/Parser.mjs": "d58fb2f87f8fead8e7ac03c544690908b4db21ab0513415b0cfe9311ab31aaa3",
    "https://esm.sh/htmlparser2@8.0.2/denonext/lib/esm/Tokenizer.mjs": "09109e601c7acd75b99c2a34e53e339a46301d9937e1495eaca8f9019a7b3040",
    "https://esm.sh/htmlparser2@8.0.2?target=denonext": "fd3edaa58a00e79f11b3510cc3930c9f5345486cdcc52c0afe24bbb36aece028",
    "https://esm.sh/isows@1.0.7/denonext/isows.mjs": "be1812ebbf28737b43588bbcbd89bf43345e3d58d32be13def331d12361045b4",
    "https://esm.sh/isows@1.0.7?target=denonext": "31b7306eada995ba18e29841d688a42bcc0166caf302e1b183b6d2a7c649f262",
    "https://esm.sh/leac@0.6.0/denonext/leac.mjs": "e8c75e599987aa753dd83b68150eae015e87066834f78748e08b52a101d1730f",
    "https://esm.sh/leac@0.6.0?target=denonext": "49d9cd25ff3a0658f687f430fb60ae79811a6ba3db8f6d2d243274d789ff6013",
    "https://esm.sh/parseley@0.12.1/denonext/parseley.mjs": "adb641dd0790c5f80caccae1d12029aa5434498368eea27696e9e3d5dcd0b835",
    "https://esm.sh/parseley@0.12.1?target=denonext": "8169d6a6a0345226dc65fed2b195413c2bc863348afa61ce31f5bf4730299a1a",
    "https://esm.sh/peberminta@0.9.0/denonext/lib/util.mjs": "ab48ab5eead902341c9f2209db7881d58f9ad2eeac75d62b02bd8fc3c2b96df5",
    "https://esm.sh/peberminta@0.9.0/denonext/peberminta.mjs": "b9e30d34531689bfa87bdd584c19732de2b40a7fb9c87a8dd083b24ccce9199f",
    "https://esm.sh/peberminta@0.9.0?target=denonext": "021e477cef449a6078dec84f778954407b9a913315dc72e5c42eee18db590843",
    "https://esm.sh/prettier@3.6.2/denonext/doc.mjs": "bb5f9b806681edf19f9bddec6e69a8dbd95b1a30ab10d90626a13de56143acc4",
    "https://esm.sh/prettier@3.6.2/denonext/plugins/acorn.mjs": "c0d4788e946fceb0bf2281d380255ee4d003db02fe431ae21c65ba3b98a71828",
    "https://esm.sh/prettier@3.6.2/denonext/plugins/angular.mjs": "9489b8effb7fe4720c12934cf6b17cf2d85861f5f77b77366467b71d1ffd5b04",
    "https://esm.sh/prettier@3.6.2/denonext/plugins/babel.mjs": "8aa5fb719411c16f0ecb46475df48661dc15471346ba85a23729f70c2ba06743",
    "https://esm.sh/prettier@3.6.2/denonext/plugins/estree.mjs": "d4a3d9e7cc6e64363026782ed3b6329c46861ae3091510e91565dc17ab1b3e1a",
    "https://esm.sh/prettier@3.6.2/denonext/plugins/flow.mjs": "c262db2ed00d3443a33d571d29fb2e2681d913baab40be94fcc17285a3f2b2e7",
    "https://esm.sh/prettier@3.6.2/denonext/plugins/glimmer.mjs": "9c9a335d828f66e786abece545e98dff796972eeea2813fa517efa025172498d",
    "https://esm.sh/prettier@3.6.2/denonext/plugins/graphql.mjs": "dee528133022407ee419d4fa23649033afa81f2888262fbb737daac662ef208b",
    "https://esm.sh/prettier@3.6.2/denonext/plugins/html.mjs": "cb4b95421f936e47679145e3277d14791b14729c9dd09b9d8da435493160116e",
    "https://esm.sh/prettier@3.6.2/denonext/plugins/markdown.mjs": "2c5866fabfadc87decbc3933c9bc18736763ace0fd6fce6b32a25fbb22ab8d09",
    "https://esm.sh/prettier@3.6.2/denonext/plugins/meriyah.mjs": "585eaf4aecda9df6a91f2c175e8f06a8c554495cb882e4d6b86c9bdec177c9d2",
    "https://esm.sh/prettier@3.6.2/denonext/plugins/postcss.mjs": "2aeaba6ebfc742190a37e6404fd2d76331f19c8f039e9dde4bd0a433565cc9d1",
    "https://esm.sh/prettier@3.6.2/denonext/plugins/typescript.mjs": "45c7d446829efb478c91e25a1cae1dd29c1d39c88b895c5e81801c759dae4743",
    "https://esm.sh/prettier@3.6.2/denonext/plugins/yaml.mjs": "a155fcdd014b0d193457783cff4b6311bd644986f32275dc777d9409bf2c375b",
    "https://esm.sh/prettier@3.6.2/denonext/prettier.mjs": "28bbb5f6d35b7adb79154e43d26fa20845e72bffca8c49c1946e0c526cefe235",
    "https://esm.sh/prettier@3.6.2/plugins/html?target=denonext": "7f22de58c9b936df2a96617973cbc3d61d7052a781690b72984d5e02d96d7226",
    "https://esm.sh/prettier@3.6.2/standalone?target=denonext": "a5834ffd7354017e158d414e1a164c357366dfe61ebd7d594c1e3309664338c6",
    "https://esm.sh/react-dom@19.2.0-canary-fa3feba6-20250623/denonext/cjs/react-dom-server-legacy.browser.production.mjs": "2f488b089df9cb8528a06bb195bdca04c1b44f4d600c80846e3a431f9fa4a85e",
    "https://esm.sh/react-dom@19.2.0-canary-fa3feba6-20250623/denonext/cjs/react-dom-server.browser.production.mjs": "507cb81ca0853ca7b146a8494a89c89b8cb17af5fd6d2569eb720dca4a343390",
    "https://esm.sh/react-dom@19.2.0-canary-fa3feba6-20250623/denonext/react-dom.mjs": "2dcdc0d3f3d55df45850614f55941fab9624b007b33a25c77ce41c2cd2ee20ef",
    "https://esm.sh/react-dom@19.2.0-canary-fa3feba6-20250623/denonext/server.mjs": "8dab17fe543e9e0a0ee8051ee59ba1f90217ec89ac61357445a7fd26552e6feb",
    "https://esm.sh/react-dom@19.2.0-canary-fa3feba6-20250623/server?target=denonext": "763f5d33462105ccd82092b2605ac69261e873e051efd4959846b7558b065d33",
    "https://esm.sh/react@19.2.0-canary-fa3feba6-20250623/denonext/jsx-runtime.mjs": "088efe4fd1a1058b55bbe857294199cd4d4a6e198aae7d06985b50349de5d06a",
    "https://esm.sh/react@19.2.0-canary-fa3feba6-20250623/denonext/react.mjs": "76bab27617b4a8e63928143b841edb2182833a39db98d7ec8a4630a24ad2a6b8",
    "https://esm.sh/react@19.2.0-canary-fa3feba6-20250623/jsx-runtime?target=denonext": "942ee3933df14b2a1d841c6ff7e3b3119c14cd02780769e738936684887a8494",
    "https://esm.sh/react@19.2.0-canary-fa3feba6-20250623?target=denonext": "cb514ba411beb3f749cdb0c3c44fac54f4f5fbd0b370ac0b674aa1d74467cc0b",
    "https://esm.sh/resend@4.6.0": "7c77c87d2270670cd4d339c6ffd1c9a5a806f9488ea2def943d94406cc71d4a5",
    "https://esm.sh/resend@4.6.0/denonext/resend.mjs": "54fe2009090943639e4e446b68e1533b7fb88cb6887e3c58a4813a60bdc71541",
    "https://esm.sh/selderee@0.11.0/denonext/selderee.mjs": "7cd55f556e21df07f094dc04a9a3b19f56f4b0781c92aebfb5fbda7536fc167d",
    "https://esm.sh/selderee@0.11.0?target=denonext": "30cf39b226588a56ac350c58aa59db26137ad7a6c609f02689718bbfd389a618",
    "https://esm.sh/tr46@0.0.3/denonext/tr46.mjs": "5753ec0a99414f4055f0c1f97691100f13d88e48a8443b00aebb90a512785fa2",
    "https://esm.sh/tr46@0.0.3?target=denonext": "19cb9be0f0d418a0c3abb81f2df31f080e9540a04e43b0f699bce1149cba0cbb",
    "https://esm.sh/webidl-conversions@3.0.1/denonext/webidl-conversions.mjs": "54b5c2d50a294853c4ccebf9d5ed8988c94f4e24e463d84ec859a866ea5fafec",
    "https://esm.sh/webidl-conversions@3.0.1?target=denonext": "4e20318d50528084616c79d7b3f6e7f0fe7b6d09013bd01b3974d7448d767e29",
    "https://esm.sh/whatwg-url@5.0.0/denonext/whatwg-url.mjs": "29b16d74ee72624c915745bbd25b617cfd2248c6af0f5120d131e232a9a9af79",
    "https://esm.sh/whatwg-url@5.0.0?target=denonext": "f001a2cadf81312d214ca330033f474e74d81a003e21e8c5d70a1f46dc97b02d"
  }
}
